
Microsoft Visual Studio Solution File, Format Version 12.00
# Visual Studio Version 16
VisualStudioVersion = 16.0.30011.22
MinimumVisualStudioVersion = 10.0.40219.1
Project("{FAE04EC0-301F-11D3-BF4B-00C04F79EFBC}") = "db_merger", "db_merger.csproj", "{4879930E-3811-4B27-9D1B-31E0B64080F6}"
EndProject
Global
	GlobalSection(SolutionConfigurationPlatforms) = preSolution
		Debug|Any CPU = Debug|Any CPU
		Release|Any CPU = Release|Any CPU
	EndGlobalSection
	GlobalSection(ProjectConfigurationPlatforms) = postSolution
		{4879930E-3811-4B27-9D1B-31E0B64080F6}.Debug|Any CPU.ActiveCfg = Debug|Any CPU
		{4879930E-3811-4B27-9D1B-31E0B64080F6}.Debug|Any CPU.Build.0 = Debug|Any CPU
		{4879930E-3811-4B27-9D1B-31E0B64080F6}.Release|Any CPU.ActiveCfg = Release|Any CPU
		{4879930E-3811-4B27-9D1B-31E0B64080F6}.Release|Any CPU.Build.0 = Release|Any CPU
	EndGlobalSection
	GlobalSection(SolutionProperties) = preSolution
		HideSolutionNode = FALSE
	EndGlobalSection
	GlobalSection(ExtensibilityGlobals) = postSolution
		SolutionGuid = {53D92924-DA99-4E95-9D5B-9E95D35112ED}
	EndGlobalSection
EndGlobal
